
Microsoft Visual Studio Solution File, Format Version 12.00
# Visual Studio Version 17
VisualStudioVersion = 17.5.2.0
MinimumVisualStudioVersion = 10.0.40219.1
Project("{FAE04EC0-301F-11D3-BF4B-00C04F79EFBC}") = "MyApi.DAL", "MyApi.DAL\MyApi.DAL.csproj", "{350283B0-DF99-4C68-8597-EAC0C56A18CE}"
EndProject
Project("{FAE04EC0-301F-11D3-BF4B-00C04F79EFBC}") = "MyApi.BLL", "MyApi.BLL\MyApi.BLL.csproj", "{EDD53B18-886D-4C43-BA16-0AFBE9ADE554}"
EndProject
Project("{FAE04EC0-301F-11D3-BF4B-00C04F79EFBC}") = "MyApi.PLL", "MyApi.PLL\MyApi.PLL.csproj", "{DD7B3ABC-EEEF-49B6-B8FB-5964DCC5731F}"
EndProject
Global
	GlobalSection(SolutionConfigurationPlatforms) = preSolution
		Debug|Any CPU = Debug|Any CPU
		Debug|x64 = Debug|x64
		Debug|x86 = Debug|x86
		Release|Any CPU = Release|Any CPU
		Release|x64 = Release|x64
		Release|x86 = Release|x86
	EndGlobalSection
	GlobalSection(ProjectConfigurationPlatforms) = postSolution
		{350283B0-DF99-4C68-8597-EAC0C56A18CE}.Debug|Any CPU.ActiveCfg = Debug|Any CPU
		{350283B0-DF99-4C68-8597-EAC0C56A18CE}.Debug|Any CPU.Build.0 = Debug|Any CPU
		{350283B0-DF99-4C68-8597-EAC0C56A18CE}.Debug|x64.ActiveCfg = Debug|Any CPU
		{350283B0-DF99-4C68-8597-EAC0C56A18CE}.Debug|x64.Build.0 = Debug|Any CPU
		{350283B0-DF99-4C68-8597-EAC0C56A18CE}.Debug|x86.ActiveCfg = Debug|Any CPU
		{350283B0-DF99-4C68-8597-EAC0C56A18CE}.Debug|x86.Build.0 = Debug|Any CPU
		{350283B0-DF99-4C68-8597-EAC0C56A18CE}.Release|Any CPU.ActiveCfg = Release|Any CPU
		{350283B0-DF99-4C68-8597-EAC0C56A18CE}.Release|Any CPU.Build.0 = Release|Any CPU
		{350283B0-DF99-4C68-8597-EAC0C56A18CE}.Release|x64.ActiveCfg = Release|Any CPU
		{350283B0-DF99-4C68-8597-EAC0C56A18CE}.Release|x64.Build.0 = Release|Any CPU
		{350283B0-DF99-4C68-8597-EAC0C56A18CE}.Release|x86.ActiveCfg = Release|Any CPU
		{350283B0-DF99-4C68-8597-EAC0C56A18CE}.Release|x86.Build.0 = Release|Any CPU
		{EDD53B18-886D-4C43-BA16-0AFBE9ADE554}.Debug|Any CPU.ActiveCfg = Debug|Any CPU
		{EDD53B18-886D-4C43-BA16-0AFBE9ADE554}.Debug|Any CPU.Build.0 = Debug|Any CPU
		{EDD53B18-886D-4C43-BA16-0AFBE9ADE554}.Debug|x64.ActiveCfg = Debug|Any CPU
		{EDD53B18-886D-4C43-BA16-0AFBE9ADE554}.Debug|x64.Build.0 = Debug|Any CPU
		{EDD53B18-886D-4C43-BA16-0AFBE9ADE554}.Debug|x86.ActiveCfg = Debug|Any CPU
		{EDD53B18-886D-4C43-BA16-0AFBE9ADE554}.Debug|x86.Build.0 = Debug|Any CPU
		{EDD53B18-886D-4C43-BA16-0AFBE9ADE554}.Release|Any CPU.ActiveCfg = Release|Any CPU
		{EDD53B18-886D-4C43-BA16-0AFBE9ADE554}.Release|Any CPU.Build.0 = Release|Any CPU
		{EDD53B18-886D-4C43-BA16-0AFBE9ADE554}.Release|x64.ActiveCfg = Release|Any CPU
		{EDD53B18-886D-4C43-BA16-0AFBE9ADE554}.Release|x64.Build.0 = Release|Any CPU
		{EDD53B18-886D-4C43-BA16-0AFBE9ADE554}.Release|x86.ActiveCfg = Release|Any CPU
		{EDD53B18-886D-4C43-BA16-0AFBE9ADE554}.Release|x86.Build.0 = Release|Any CPU
		{DD7B3ABC-EEEF-49B6-B8FB-5964DCC5731F}.Debug|Any CPU.ActiveCfg = Debug|Any CPU
		{DD7B3ABC-EEEF-49B6-B8FB-5964DCC5731F}.Debug|Any CPU.Build.0 = Debug|Any CPU
		{DD7B3ABC-EEEF-49B6-B8FB-5964DCC5731F}.Debug|x64.ActiveCfg = Debug|Any CPU
		{DD7B3ABC-EEEF-49B6-B8FB-5964DCC5731F}.Debug|x64.Build.0 = Debug|Any CPU
		{DD7B3ABC-EEEF-49B6-B8FB-5964DCC5731F}.Debug|x86.ActiveCfg = Debug|Any CPU
		{DD7B3ABC-EEEF-49B6-B8FB-5964DCC5731F}.Debug|x86.Build.0 = Debug|Any CPU
		{DD7B3ABC-EEEF-49B6-B8FB-5964DCC5731F}.Release|Any CPU.ActiveCfg = Release|Any CPU
		{DD7B3ABC-EEEF-49B6-B8FB-5964DCC5731F}.Release|Any CPU.Build.0 = Release|Any CPU
		{DD7B3ABC-EEEF-49B6-B8FB-5964DCC5731F}.Release|x64.ActiveCfg = Release|Any CPU
		{DD7B3ABC-EEEF-49B6-B8FB-5964DCC5731F}.Release|x64.Build.0 = Release|Any CPU
		{DD7B3ABC-EEEF-49B6-B8FB-5964DCC5731F}.Release|x86.ActiveCfg = Release|Any CPU
		{DD7B3ABC-EEEF-49B6-B8FB-5964DCC5731F}.Release|x86.Build.0 = Release|Any CPU
	EndGlobalSection
	GlobalSection(SolutionProperties) = preSolution
		HideSolutionNode = FALSE
	EndGlobalSection
	GlobalSection(ExtensibilityGlobals) = postSolution
		SolutionGuid = {90BFCAF5-B72A-461B-819A-AF784E9A9E20}
	EndGlobalSection
EndGlobal
